{
  "version": 1,
  "dependencies": {
    "net8.0": {
      "MonoGame.Content.Builder.Task": {
        "type": "Direct",
        "requested": "[3.8.1.303, )",
        "resolved": "3.8.1.303",
        "contentHash": "9Ilzzje62LhWElbPNEl7vh7XsRSbze+lvCJdZtTZUGu48FRgvYN6THURwIB9PN98EI33/Wnf6iuShNUtD7hL4Q=="
      },
      "MonoGame.Framework.DesktopGL": {
        "type": "Direct",
        "requested": "[3.8.1.303, )",
        "resolved": "3.8.1.303",
        "contentHash": "eGYhqn0n1olk8MNYeE9EuBmoNNECN1T18rPMaQpkzsEQ0H3nVyFPXC+uCo78v5pi5juQpJ3PSFnSkjzZJ1U58A=="
      },
      "Myra": {
        "type": "Direct",
        "requested": "[1.5.9, )",
        "resolved": "1.5.9",
        "contentHash": "GOZYJGc9Fp8UeJWUM/wTI731wiu9fd5ebDVFinio/+9d7NEmOtV+QqZ3aQ8VAYvBkwfob5Wq8HxQtSi14k12Xg==",
        "dependencies": {
          "FontStashSharp.MonoGame": "1.3.9",
          "XNAssets.MonoGame": "0.7.5",
          "info.lundin.math.dll": "1.2.6"
        }
      },
      "Newtonsoft.Json": {
        "type": "Direct",
        "requested": "[13.0.3, )",
        "resolved": "13.0.3",
        "contentHash": "HrC5BXdl00IP9zeV+0Z848QWPAoCr9P3bDEZguI+gkLcBKAOxix/tLEAAHC+UvDNPv4a2d18lOReHMOagPa+zQ=="
      },
      "AssetManagementBase": {
        "type": "Transitive",
        "resolved": "0.6.9",
        "contentHash": "uAPw96YacFb+RJIEu9mxvdc3KjgiZjwmHGKWkXIlwMOwAiaE3QfrENWFQz9I3tHGOINPG2LUuOH/SpxEUfMYcg=="
      },
      "Cyotek.Drawing.BitmapFont": {
        "type": "Transitive",
        "resolved": "2.0.4",
        "contentHash": "iA6WehGVdMUuNbfsQQDq/Bt+mMd/OqHjiMUtKFLIQd/0pyYh4ehT7FEjTxN9/4OXNKQZsp9bAJgltP2nnswUJg=="
      },
      "DdsKtxXna.MonoGame": {
        "type": "Transitive",
        "resolved": "0.4.4",
        "contentHash": "fafUrTw865cOMn3YwXFPjFPNdhlEBeSCJSjxZB68j9WKp+Mq5s53SaoeRbn8Bq+K8zy5x1KJdOT4/6wfFYpIDQ=="
      },
      "FontStashSharp.Base": {
        "type": "Transitive",
        "resolved": "1.1.9",
        "contentHash": "/AjkOcPNijs8vyNgcCj3FfBJbVWmsSH744hqkhLfBt8qspDz/tEoD+U09my5u9eRBX6zX+RLQ/gdCvwy+ZBOtg=="
      },
      "FontStashSharp.MonoGame": {
        "type": "Transitive",
        "resolved": "1.3.9",
        "contentHash": "AiyqJjrfD6LAcbo8isYYxiqfmeDM8qQcYAjE5cR1vdXNBU7uOFRNq/NNIcvgU3XLuY+jzFbn6l3TjmjGq5wsEQ==",
        "dependencies": {
          "Cyotek.Drawing.BitmapFont": "2.0.4",
          "FontStashSharp.Base": "1.1.9",
          "FontStashSharp.Rasterizers.StbTrueTypeSharp": "1.1.9",
          "StbImageSharp": "2.30.15"
        }
      },
      "FontStashSharp.Rasterizers.StbTrueTypeSharp": {
        "type": "Transitive",
        "resolved": "1.1.9",
        "contentHash": "yi5iuTERem46uyHC5p+jRi3Jh8dKWzgNWLqcvHciGlyVHD1cWFdERgnxshZU4xWB2hRGnogxaCudCirbMpg4eQ==",
        "dependencies": {
          "FontStashSharp.Base": "1.1.9",
          "StbTrueTypeSharp": "1.26.12"
        }
      },
      "info.lundin.math.dll": {
        "type": "Transitive",
        "resolved": "1.2.6",
        "contentHash": "rCSUXUISKOmFkpEPd9wZJP9bHsyozEwvid3zO4gByG1QQX9IMAUZ8R9OZmpKp20JWrBMGBMTgoXAuLCSoK6VAQ=="
      },
      "StbImageSharp": {
        "type": "Transitive",
        "resolved": "2.30.15",
        "contentHash": "7QqbupVhz2kcFUPTgMw4iHR9rYDHGundzzee19Mwmd1typ2Lnv8EVJcLJxlkeBM2+4ex0NwsMtdbGSJctp1XCQ=="
      },
      "StbTrueTypeSharp": {
        "type": "Transitive",
        "resolved": "1.26.12",
        "contentHash": "hCc6/OsfcPa5VsLECcEU2m78WOshBrKwK42nAodSm9Z5wH68f7n66SoiRLCdGCkDaqbWz2TlX4zYHIjogj1HJA=="
      },
      "XNAssets.MonoGame": {
        "type": "Transitive",
        "resolved": "0.7.5",
        "contentHash": "0CZcZqCVvKIrQg1UW3kuQVZZ1hL3gwr7vpu7lrP2yQPyHIblHGM88/Abunx4yz/yc6vNbENPxQin9MOqw6o5XQ==",
        "dependencies": {
          "AssetManagementBase": "0.6.9",
          "Cyotek.Drawing.BitmapFont": "2.0.4",
          "DdsKtxXna.MonoGame": "0.4.4",
          "StbImageSharp": "2.30.15"
        }
      }
    }
  }
}